
Microsoft Visual Studio Solution File, Format Version 12.00
# Visual Studio Version 17
VisualStudioVersion = 17.5.33502.453
MinimumVisualStudioVersion = 10.0.40219.1
Project("{FAE04EC0-301F-11D3-BF4B-00C04F79EFBC}") = "IntroASP", "IntroASP\IntroASP.csproj", "{387EABC5-EF71-4F09-B183-A71B39D03E54}"
EndProject
Global
	GlobalSection(SolutionConfigurationPlatforms) = preSolution
		Debug|Any CPU = Debug|Any CPU
		Release|Any CPU = Release|Any CPU
	EndGlobalSection
	GlobalSection(ProjectConfigurationPlatforms) = postSolution
		{387EABC5-EF71-4F09-B183-A71B39D03E54}.Debug|Any CPU.ActiveCfg = Debug|Any CPU
		{387EABC5-EF71-4F09-B183-A71B39D03E54}.Debug|Any CPU.Build.0 = Debug|Any CPU
		{387EABC5-EF71-4F09-B183-A71B39D03E54}.Release|Any CPU.ActiveCfg = Release|Any CPU
		{387EABC5-EF71-4F09-B183-A71B39D03E54}.Release|Any CPU.Build.0 = Release|Any CPU
	EndGlobalSection
	GlobalSection(SolutionProperties) = preSolution
		HideSolutionNode = FALSE
	EndGlobalSection
	GlobalSection(ExtensibilityGlobals) = postSolution
		SolutionGuid = {BE7B3C25-92DB-4CF5-AB5E-EAC6725F0152}
	EndGlobalSection
EndGlobal
